// !$*UTF8*$!
{
	archiveVersion = 1;
	classes = {
	};
	objectVersion = 47;
	objects = {

/* Begin PBXBuildFile section */
		DEDDE20F1BC2EE4200D172C0 /* AppDelegate.swift in Sources */ = {isa = PBXBuildFile; fileRef = DEDDE20E1BC2EE4200D172C0 /* AppDelegate.swift */; };
		DEDDE2111BC2EE4200D172C0 /* ViewController.swift in Sources */ = {isa = PBXBuildFile; fileRef = DEDDE2101BC2EE4200D172C0 /* ViewController.swift */; };
		DEDDE2141BC2EE4200D172C0 /* Main.storyboard in Resources */ = {isa = PBXBuildFile; fileRef = DEDDE2121BC2EE4200D172C0 /* Main.storyboard */; };
		DEDDE2161BC2EE4200D172C0 /* Assets.xcassets in Resources */ = {isa = PBXBuildFile; fileRef = DEDDE2151BC2EE4200D172C0 /* Assets.xcassets */; };
		DEDDE2191BC2EE4200D172C0 /* LaunchScreen.storyboard in Resources */ = {isa = PBXBuildFile; fileRef = DEDDE2171BC2EE4200D172C0 /* LaunchScreen.storyboard */; };
/* End PBXBuildFile section */

/* Begin PBXFileReference section */
		DEDDE20B1BC2EE4200D172C0 /* stackview-exercise.app */ = {isa = PBXFileReference; explicitFileType = wrapper.application; includeInIndex = 0; path = "stackview-exercise.app"; sourceTree = BUILT_PRODUCTS_DIR; };
		DEDDE20E1BC2EE4200D172C0 /* AppDelegate.swift */ = {isa = PBXFileReference; lastKnownFileType = sourcecode.swift; path = AppDelegate.swift; sourceTree = "<group>"; };
		DEDDE2101BC2EE4200D172C0 /* ViewController.swift */ = {isa = PBXFileReference; lastKnownFileType = sourcecode.swift; path = ViewController.swift; sourceTree = "<group>"; };
		DEDDE2131BC2EE4200D172C0 /* Base */ = {isa = PBXFileReference; lastKnownFileType = file.storyboard; name = Base; path = Base.lproj/Main.storyboard; sourceTree = "<group>"; };
		DEDDE2151BC2EE4200D172C0 /* Assets.xcassets */ = {isa = PBXFileReference; lastKnownFileType = folder.assetcatalog; path = Assets.xcassets; sourceTree = "<group>"; };
		DEDDE2181BC2EE4200D172C0 /* Base */ = {isa = PBXFileReference; lastKnownFileType = file.storyboard; name = Base; path = Base.lproj/LaunchScreen.storyboard; sourceTree = "<group>"; };
		DEDDE21A1BC2EE4200D172C0 /* Info.plist */ = {isa = PBXFileReference; lastKnownFileType = text.plist.xml; path = Info.plist; sourceTree = "<group>"; };
/* End PBXFileReference section */

/* Begin PBXFrameworksBuildPhase section */
		DEDDE2081BC2EE4200D172C0 /* Frameworks */ = {
			isa = PBXFrameworksBuildPhase;
			buildActionMask = 2147483647;
			files = (
			);
			runOnlyForDeploymentPostprocessing = 0;
		};
/* End PBXFrameworksBuildPhase section */

/* Begin PBXGroup section */
		DEDDE2021BC2EE4100D172C0 = {
			isa = PBXGroup;
			children = (
				DEDDE20D1BC2EE4200D172C0 /* stackview-exercise */,
				DEDDE20C1BC2EE4200D172C0 /* Products */,
			);
			sourceTree = "<group>";
		};
		DEDDE20C1BC2EE4200D172C0 /* Products */ = {
			isa = PBXGroup;
			children = (
				DEDDE20B1BC2EE4200D172C0 /* stackview-exercise.app */,
			);
			name = Products;
			sourceTree = "<group>";
		};
		DEDDE20D1BC2EE4200D172C0 /* stackview-exercise */ = {
			isa = PBXGroup;
			children = (
				DEDDE20E1BC2EE4200D172C0 /* AppDelegate.swift */,
				DEDDE2101BC2EE4200D172C0 /* ViewController.swift */,
				DEDDE2121BC2EE4200D172C0 /* Main.storyboard */,
				DEDDE2151BC2EE4200D172C0 /* Assets.xcassets */,
				DEDDE2171BC2EE4200D172C0 /* LaunchScreen.storyboard */,
				DEDDE21A1BC2EE4200D172C0 /* Info.plist */,
			);
			path = "stackview-exercise";
			sourceTree = "<group>";
		};
/* End PBXGroup section */

/* Begin PBXNativeTarget section */
		DEDDE20A1BC2EE4200D172C0 /* stackview-exercise */ = {
			isa = PBXNativeTarget;
			buildConfigurationList = DEDDE21D1BC2EE4200D172C0 /* Build configuration list for PBXNativeTarget "stackview-exercise" */;
			buildPhases = (
				DEDDE2071BC2EE4200D172C0 /* Sources */,
				DEDDE2081BC2EE4200D172C0 /* Frameworks */,
				DEDDE2091BC2EE4200D172C0 /* Resources */,
			);
			buildRules = (
			);
			dependencies = (
			);
			name = "stackview-exercise";
			productName = "stackview-exercise";
			productReference = DEDDE20B1BC2EE4200D172C0 /* stackview-exercise.app */;
			productType = "com.apple.product-type.application";
		};
/* End PBXNativeTarget section */

/* Begin PBXProject section */
		DEDDE2031BC2EE4100D172C0 /* Project object */ = {
			isa = PBXProject;
			attributes = {
				LastUpgradeCheck = 0700;
				ORGANIZATIONNAME = "Peter Lada";
				TargetAttributes = {
					DEDDE20A1BC2EE4200D172C0 = {
						CreatedOnToolsVersion = 7.0.1;
					};
				};
			};
			buildConfigurationList = DEDDE2061BC2EE4100D172C0 /* Build configuration list for PBXProject "stackview-exercise" */;
			compatibilityVersion = "Xcode 6.3";
			developmentRegion = English;
			hasScannedForEncodings = 0;
			knownRegions = (
				en,
				Base,
			);
			mainGroup = DEDDE2021BC2EE4100D172C0;
			productRefGroup = DEDDE20C1BC2EE4200D172C0 /* Products */;
			projectDirPath = "";
			projectRoot = "";
			targets = (
				DEDDE20A1BC2EE4200D172C0 /* stackview-exercise */,
			);
		};
/* End PBXProject section */

/* Begin PBXResourcesBuildPhase section */
		DEDDE2091BC2EE4200D172C0 /* Resources */ = {
			isa = PBXResourcesBuildPhase;
			buildActionMask = 2147483647;
			files = (
				DEDDE2191BC2EE4200D172C0 /* LaunchScreen.storyboard in Resources */,
				DEDDE2161BC2EE4200D172C0 /* Assets.xcassets in Resources */,
				DEDDE2141BC2EE4200D172C0 /* Main.storyboard in Resources */,
			);
			runOnlyForDeploymentPostprocessing = 0;
		};
/* End PBXResourcesBuildPhase section */

/* Begin PBXSourcesBuildPhase section */
		DEDDE2071BC2EE4200D172C0 /* Sources */ = {
			isa = PBXSourcesBuildPhase;
			buildActionMask = 2147483647;
			files = (
				DEDDE2111BC2EE4200D172C0 /* ViewController.swift in Sources */,
				DEDDE20F1BC2EE4200D172C0 /* AppDelegate.swift in Sources */,
			);
			runOnlyForDeploymentPostprocessing = 0;
		};
/* End PBXSourcesBuildPhase section */

/* Begin PBXVariantGroup section */
		DEDDE2121BC2EE4200D172C0 /* Main.storyboard */ = {
			isa = PBXVariantGroup;
			children = (
				DEDDE2131BC2EE4200D172C0 /* Base */,
			);
			name = Main.storyboard;
			sourceTree = "<group>";
		};
		DEDDE2171BC2EE4200D172C0 /* LaunchScreen.storyboard */ = {
			isa = PBXVariantGroup;
			children = (
				DEDDE2181BC2EE4200D172C0 /* Base */,
			);
			name = LaunchScreen.storyboard;
			sourceTree = "<group>";
		};
/* End PBXVariantGroup section */

/* Begin XCBuildConfiguration section */
		DEDDE21B1BC2EE4200D172C0 /* Debug */ = {
			isa = XCBuildConfiguration;
			buildSettings = {
				ALWAYS_SEARCH_USER_PATHS = NO;
				CLANG_CXX_LANGUAGE_STANDARD = "gnu++0x";
				CLANG_CXX_LIBRARY = "libc++";
				CLANG_ENABLE_MODULES = YES;
				CLANG_ENABLE_OBJC_ARC = YES;
				CLANG_WARN_BOOL_CONVERSION = YES;
				CLANG_WARN_CONSTANT_CONVERSION = YES;
				CLANG_WARN_DIRECT_OBJC_ISA_USAGE = YES_ERROR;
				CLANG_WARN_EMPTY_BODY = YES;
				CLANG_WARN_ENUM_CONVERSION = YES;
				CLANG_WARN_INT_CONVERSION = YES;
				CLANG_WARN_OBJC_ROOT_CLASS = YES_ERROR;
				CLANG_WARN_UNREACHABLE_CODE = YES;
				CLANG_WARN__DUPLICATE_METHOD_MATCH = YES;
				"CODE_SIGN_IDENTITY[sdk=iphoneos*]" = "iPhone Developer";
				COPY_PHASE_STRIP = NO;
				DEBUG_INFORMATION_FORMAT = dwarf;
				ENABLE_STRICT_OBJC_MSGSEND = YES;
				ENABLE_TESTABILITY = YES;
				GCC_C_LANGUAGE_STANDARD = gnu99;
				GCC_DYNAMIC_NO_PIC = NO;
				GCC_NO_COMMON_BLOCKS = YES;
				GCC_OPTIMIZATION_LEVEL = 0;
				GCC_PREPROCESSOR_DEFINITIONS = (
					"DEBUG=1",
					"$(inherited)",
				);
				GCC_WARN_64_TO_32_BIT_CONVERSION = YES;
				GCC_WARN_ABOUT_RETURN_TYPE = YES_ERROR;
				GCC_WARN_UNDECLARED_SELECTOR = YES;
				GCC_WARN_UNINITIALIZED_AUTOS = YES_AGGRESSIVE;
				GCC_WARN_UNUSED_FUNCTION = YES;
				GCC_WARN_UNUSED_VARIABLE = YES;
				IPHONEOS_DEPLOYMENT_TARGET = 9.0;
				MTL_ENABLE_DEBUG_INFO = YES;
				ONLY_ACTIVE_ARCH = YES;
				SDKROOT = iphoneos;
				SWIFT_OPTIMIZATION_LEVEL = "-Onone";
			};
			name = Debug;
		};
		DEDDE21C1BC2EE4200D172C0 /* Release */ = {
			isa = XCBuildConfiguration;
			buildSettings = {
				ALWAYS_SEARCH_USER_PATHS = NO;
				CLANG_CXX_LANGUAGE_STANDARD = "gnu++0x";
				CLANG_CXX_LIBRARY = "libc++";
				CLANG_ENABLE_MODULES = YES;
				CLANG_ENABLE_OBJC_ARC = YES;
				CLANG_WARN_BOOL_CONVERSION = YES;
				CLANG_WARN_CONSTANT_CONVERSION = YES;
				CLANG_WARN_DIRECT_OBJC_ISA_USAGE = YES_ERROR;
				CLANG_WARN_EMPTY_BODY = YES;
				CLANG_WARN_ENUM_CONVERSION = YES;
				CLANG_WARN_INT_CONVERSION = YES;
				CLANG_WARN_OBJC_ROOT_CLASS = YES_ERROR;
				CLANG_WARN_UNREACHABLE_CODE = YES;
				CLANG_WARN__DUPLICATE_METHOD_MATCH = YES;
				"CODE_SIGN_IDENTITY[sdk=iphoneos*]" = "iPhone Developer";
				COPY_PHASE_STRIP = NO;
				DEBUG_INFORMATION_FORMAT = "dwarf-with-dsym";
				ENABLE_NS_ASSERTIONS = NO;
				ENABLE_STRICT_OBJC_MSGSEND = YES;
				GCC_C_LANGUAGE_STANDARD = gnu99;
				GCC_NO_COMMON_BLOCKS = YES;
				GCC_WARN_64_TO_32_BIT_CONVERSION = YES;
				GCC_WARN_ABOUT_RETURN_TYPE = YES_ERROR;
				GCC_WARN_UNDECLARED_SELECTOR = YES;
				GCC_WARN_UNINITIALIZED_AUTOS = YES_AGGRESSIVE;
				GCC_WARN_UNUSED_FUNCTION = YES;
				GCC_WARN_UNUSED_VARIABLE = YES;
				IPHONEOS_DEPLOYMENT_TARGET = 9.0;
				MTL_ENABLE_DEBUG_INFO = NO;
				SDKROOT = iphoneos;
				VALIDATE_PRODUCT = YES;
			};
			name = Release;
		};
		DEDDE21E1BC2EE4200D172C0 /* Debug */ = {
			isa = XCBuildConfiguration;
			buildSettings = {
				ASSETCATALOG_COMPILER_APPICON_NAME = AppIcon;
				INFOPLIST_FILE = "stackview-exercise/Info.plist";
				LD_RUNPATH_SEARCH_PATHS = "$(inherited) @executable_path/Frameworks";
				PRODUCT_BUNDLE_IDENTIFIER = "com.peterlada.stackview-exercise";
				PRODUCT_NAME = "$(TARGET_NAME)";
				TARGETED_DEVICE_FAMILY = "1,2";
			};
			name = Debug;
		};
		DEDDE21F1BC2EE4200D172C0 /* Release */ = {
			isa = XCBuildConfiguration;
			buildSettings = {
				ASSETCATALOG_COMPILER_APPICON_NAME = AppIcon;
				INFOPLIST_FILE = "stackview-exercise/Info.plist";
				LD_RUNPATH_SEARCH_PATHS = "$(inherited) @executable_path/Frameworks";
				PRODUCT_BUNDLE_IDENTIFIER = "com.peterlada.stackview-exercise";
				PRODUCT_NAME = "$(TARGET_NAME)";
				TARGETED_DEVICE_FAMILY = "1,2";
			};
			name = Release;
		};
/* End XCBuildConfiguration section */

/* Begin XCConfigurationList section */
		DEDDE2061BC2EE4100D172C0 /* Build configuration list for PBXProject "stackview-exercise" */ = {
			isa = XCConfigurationList;
			buildConfigurations = (
				DEDDE21B1BC2EE4200D172C0 /* Debug */,
				DEDDE21C1BC2EE4200D172C0 /* Release */,
			);
			defaultConfigurationIsVisible = 0;
			defaultConfigurationName = Release;
		};
		DEDDE21D1BC2EE4200D172C0 /* Build configuration list for PBXNativeTarget "stackview-exercise" */ = {
			isa = XCConfigurationList;
			buildConfigurations = (
				DEDDE21E1BC2EE4200D172C0 /* Debug */,
				DEDDE21F1BC2EE4200D172C0 /* Release */,
			);
			defaultConfigurationIsVisible = 0;
		};
/* End XCConfigurationList section */
	};
	rootObject = DEDDE2031BC2EE4100D172C0 /* Project object */;
}
